Microsoft Visual Studio Solution File, Format Version 11.00
# Visual Studio 2008

Project("{BB302C9B-5204-D593-BA36-57055842A5FB}") = "plane", "Assembly-CSharp-firstpass.csproj", "{F1677290-1A18-7CC2-9469-556DB40CE235}"
EndProject
Project("{BB302C9B-5204-D593-BA36-57055842A5FB}") = "plane", "Assembly-CSharp.csproj", "{B994EB51-A914-6195-555E-3F2913C39AE6}"
EndProject
Project("{BB302C9B-5204-D593-BA36-57055842A5FB}") = "plane", "Assembly-CSharp-Editor.csproj", "{6D66A1A2-2164-4F1B-C987-6F572007CCBE}"
EndProject
Global
	GlobalSection(SolutionConfigurationPlatforms) = preSolution
		Debug|Any CPU = Debug|Any CPU
		Release|Any CPU = Release|Any CPU
	EndGlobalSection
	GlobalSection(ProjectConfigurationPlatforms) = postSolution
		{F1677290-1A18-7CC2-9469-556DB40CE235}.Debug|Any CPU.ActiveCfg = Debug|Any CPU
		{F1677290-1A18-7CC2-9469-556DB40CE235}.Debug|Any CPU.Build.0 = Debug|Any CPU
		{F1677290-1A18-7CC2-9469-556DB40CE235}.Release|Any CPU.ActiveCfg = Release|Any CPU
		{F1677290-1A18-7CC2-9469-556DB40CE235}.Release|Any CPU.Build.0 = Release|Any CPU
		{B994EB51-A914-6195-555E-3F2913C39AE6}.Debug|Any CPU.ActiveCfg = Debug|Any CPU
		{B994EB51-A914-6195-555E-3F2913C39AE6}.Debug|Any CPU.Build.0 = Debug|Any CPU
		{B994EB51-A914-6195-555E-3F2913C39AE6}.Release|Any CPU.ActiveCfg = Release|Any CPU
		{B994EB51-A914-6195-555E-3F2913C39AE6}.Release|Any CPU.Build.0 = Release|Any CPU
		{6D66A1A2-2164-4F1B-C987-6F572007CCBE}.Debug|Any CPU.ActiveCfg = Debug|Any CPU
		{6D66A1A2-2164-4F1B-C987-6F572007CCBE}.Debug|Any CPU.Build.0 = Debug|Any CPU
		{6D66A1A2-2164-4F1B-C987-6F572007CCBE}.Release|Any CPU.ActiveCfg = Release|Any CPU
		{6D66A1A2-2164-4F1B-C987-6F572007CCBE}.Release|Any CPU.Build.0 = Release|Any CPU
	EndGlobalSection
	GlobalSection(SolutionProperties) = preSolution
		HideSolutionNode = FALSE
	EndGlobalSection
	GlobalSection(MonoDevelopProperties) = preSolution
		StartupItem = Assembly-CSharp.csproj
	EndGlobalSection
EndGlobal
